
Microsoft Visual Studio Solution File, Format Version 12.00
# Visual Studio 14
VisualStudioVersion = 14.0.25420.1
MinimumVisualStudioVersion = 10.0.40219.1
Project("{FAE04EC0-301F-11D3-BF4B-00C04F79EFBC}") = "Resposteria.Web", "Resposteria.Web\Resposteria.Web.csproj", "{16CB46BE-6466-40D8-8BC0-1D36A10F0003}"
EndProject
Project("{FAE04EC0-301F-11D3-BF4B-00C04F79EFBC}") = "Reposteria.WebAdmin", "Reposteria.WebAdmin\Reposteria.WebAdmin.csproj", "{7743A895-7BD2-43BD-9EB4-9D5000056E53}"
EndProject
Project("{FAE04EC0-301F-11D3-BF4B-00C04F79EFBC}") = "Reposteria.Win", "Reposteria.Win\Reposteria.Win.csproj", "{6EC23D05-526A-49C9-8349-0066317D8D96}"
EndProject
Project("{FAE04EC0-301F-11D3-BF4B-00C04F79EFBC}") = "Reposteria.BL", "Reposteria.BL\Reposteria.BL.csproj", "{9570FC0C-2B89-4E13-ABDD-AD72E490B1A0}"
EndProject
Global
	GlobalSection(SolutionConfigurationPlatforms) = preSolution
		Debug|Any CPU = Debug|Any CPU
		Release|Any CPU = Release|Any CPU
	EndGlobalSection
	GlobalSection(ProjectConfigurationPlatforms) = postSolution
		{16CB46BE-6466-40D8-8BC0-1D36A10F0003}.Debug|Any CPU.ActiveCfg = Debug|Any CPU
		{16CB46BE-6466-40D8-8BC0-1D36A10F0003}.Debug|Any CPU.Build.0 = Debug|Any CPU
		{16CB46BE-6466-40D8-8BC0-1D36A10F0003}.Release|Any CPU.ActiveCfg = Release|Any CPU
		{16CB46BE-6466-40D8-8BC0-1D36A10F0003}.Release|Any CPU.Build.0 = Release|Any CPU
		{7743A895-7BD2-43BD-9EB4-9D5000056E53}.Debug|Any CPU.ActiveCfg = Debug|Any CPU
		{7743A895-7BD2-43BD-9EB4-9D5000056E53}.Debug|Any CPU.Build.0 = Debug|Any CPU
		{7743A895-7BD2-43BD-9EB4-9D5000056E53}.Release|Any CPU.ActiveCfg = Release|Any CPU
		{7743A895-7BD2-43BD-9EB4-9D5000056E53}.Release|Any CPU.Build.0 = Release|Any CPU
		{6EC23D05-526A-49C9-8349-0066317D8D96}.Debug|Any CPU.ActiveCfg = Debug|Any CPU
		{6EC23D05-526A-49C9-8349-0066317D8D96}.Debug|Any CPU.Build.0 = Debug|Any CPU
		{6EC23D05-526A-49C9-8349-0066317D8D96}.Release|Any CPU.ActiveCfg = Release|Any CPU
		{6EC23D05-526A-49C9-8349-0066317D8D96}.Release|Any CPU.Build.0 = Release|Any CPU
		{9570FC0C-2B89-4E13-ABDD-AD72E490B1A0}.Debug|Any CPU.ActiveCfg = Debug|Any CPU
		{9570FC0C-2B89-4E13-ABDD-AD72E490B1A0}.Debug|Any CPU.Build.0 = Debug|Any CPU
		{9570FC0C-2B89-4E13-ABDD-AD72E490B1A0}.Release|Any CPU.ActiveCfg = Release|Any CPU
		{9570FC0C-2B89-4E13-ABDD-AD72E490B1A0}.Release|Any CPU.Build.0 = Release|Any CPU
	EndGlobalSection
	GlobalSection(SolutionProperties) = preSolution
		HideSolutionNode = FALSE
	EndGlobalSection
EndGlobal
